
Microsoft Visual Studio Solution File, Format Version 12.00
# Visual Studio Version 16
VisualStudioVersion = 16.0.31105.61
MinimumVisualStudioVersion = 10.0.40219.1
Project("{9A19103F-16F7-4668-BE54-9A1E7A4F7556}") = "SnippetsDotNet5MVC", "snippets/SnippetsDotNet5MVC.csproj", "{43AFF5E8-3C28-4299-ADB9-495A7C5996A0}"
EndProject
Global
	GlobalSection(SolutionConfigurationPlatforms) = preSolution
		Debug|Any CPU = Debug|Any CPU
		Release|Any CPU = Release|Any CPU
	EndGlobalSection
	GlobalSection(ProjectConfigurationPlatforms) = postSolution
		{43AFF5E8-3C28-4299-ADB9-495A7C5996A0}.Debug|Any CPU.ActiveCfg = Debug|Any CPU
		{43AFF5E8-3C28-4299-ADB9-495A7C5996A0}.Debug|Any CPU.Build.0 = Debug|Any CPU
		{43AFF5E8-3C28-4299-ADB9-495A7C5996A0}.Release|Any CPU.ActiveCfg = Release|Any CPU
		{43AFF5E8-3C28-4299-ADB9-495A7C5996A0}.Release|Any CPU.Build.0 = Release|Any CPU
	EndGlobalSection
	GlobalSection(SolutionProperties) = preSolution
		HideSolutionNode = FALSE
	EndGlobalSection
	GlobalSection(ExtensibilityGlobals) = postSolution
		SolutionGuid = {F49C5071-A19E-4B74-89F8-FFD0532F34DB}
	EndGlobalSection
EndGlobal
